// !$*UTF8*$!
{
	archiveVersion = 1;
	classes = {
	};
	objectVersion = 50;
	objects = {

/* Begin PBXBuildFile section */
		4170E77426BF317800ECAB96 /* Challenge6CompaniesEnvironmentObjectApp.swift in Sources */ = {isa = PBXBuildFile; fileRef = 4170E77326BF317800ECAB96 /* Challenge6CompaniesEnvironmentObjectApp.swift */; };
		4170E77626BF317800ECAB96 /* ContentView.swift in Sources */ = {isa = PBXBuildFile; fileRef = 4170E77526BF317800ECAB96 /* ContentView.swift */; };
		4170E77826BF317C00ECAB96 /* Assets.xcassets in Resources */ = {isa = PBXBuildFile; fileRef = 4170E77726BF317C00ECAB96 /* Assets.xcassets */; };
		4170E77B26BF317C00ECAB96 /* Preview Assets.xcassets in Resources */ = {isa = PBXBuildFile; fileRef = 4170E77A26BF317C00ECAB96 /* Preview Assets.xcassets */; };
/* End PBXBuildFile section */

/* Begin PBXFileReference section */
		4170E77026BF317800ECAB96 /* Challenge6CompaniesEnvironmentObject.app */ = {isa = PBXFileReference; explicitFileType = wrapper.application; includeInIndex = 0; path = Challenge6CompaniesEnvironmentObject.app; sourceTree = BUILT_PRODUCTS_DIR; };
		4170E77326BF317800ECAB96 /* Challenge6CompaniesEnvironmentObjectApp.swift */ = {isa = PBXFileReference; lastKnownFileType = sourcecode.swift; path = Challenge6CompaniesEnvironmentObjectApp.swift; sourceTree = "<group>"; };
		4170E77526BF317800ECAB96 /* ContentView.swift */ = {isa = PBXFileReference; lastKnownFileType = sourcecode.swift; path = ContentView.swift; sourceTree = "<group>"; };
		4170E77726BF317C00ECAB96 /* Assets.xcassets */ = {isa = PBXFileReference; lastKnownFileType = folder.assetcatalog; path = Assets.xcassets; sourceTree = "<group>"; };
		4170E77A26BF317C00ECAB96 /* Preview Assets.xcassets */ = {isa = PBXFileReference; lastKnownFileType = folder.assetcatalog; path = "Preview Assets.xcassets"; sourceTree = "<group>"; };
		4170E77C26BF317C00ECAB96 /* Info.plist */ = {isa = PBXFileReference; lastKnownFileType = text.plist.xml; path = Info.plist; sourceTree = "<group>"; };
/* End PBXFileReference section */

/* Begin PBXFrameworksBuildPhase section */
		4170E76D26BF317800ECAB96 /* Frameworks */ = {
			isa = PBXFrameworksBuildPhase;
			buildActionMask = 2147483647;
			files = (
			);
			runOnlyForDeploymentPostprocessing = 0;
		};
/* End PBXFrameworksBuildPhase section */

/* Begin PBXGroup section */
		4170E76726BF317800ECAB96 = {
			isa = PBXGroup;
			children = (
				4170E77226BF317800ECAB96 /* Challenge6CompaniesEnvironmentObject */,
				4170E77126BF317800ECAB96 /* Products */,
			);
			sourceTree = "<group>";
		};
		4170E77126BF317800ECAB96 /* Products */ = {
			isa = PBXGroup;
			children = (
				4170E77026BF317800ECAB96 /* Challenge6CompaniesEnvironmentObject.app */,
			);
			name = Products;
			sourceTree = "<group>";
		};
		4170E77226BF317800ECAB96 /* Challenge6CompaniesEnvironmentObject */ = {
			isa = PBXGroup;
			children = (
				4170E77326BF317800ECAB96 /* Challenge6CompaniesEnvironmentObjectApp.swift */,
				4170E77526BF317800ECAB96 /* ContentView.swift */,
				4170E77726BF317C00ECAB96 /* Assets.xcassets */,
				4170E77C26BF317C00ECAB96 /* Info.plist */,
				4170E77926BF317C00ECAB96 /* Preview Content */,
			);
			path = Challenge6CompaniesEnvironmentObject;
			sourceTree = "<group>";
		};
		4170E77926BF317C00ECAB96 /* Preview Content */ = {
			isa = PBXGroup;
			children = (
				4170E77A26BF317C00ECAB96 /* Preview Assets.xcassets */,
			);
			path = "Preview Content";
			sourceTree = "<group>";
		};
/* End PBXGroup section */

/* Begin PBXNativeTarget section */
		4170E76F26BF317800ECAB96 /* Challenge6CompaniesEnvironmentObject */ = {
			isa = PBXNativeTarget;
			buildConfigurationList = 4170E77F26BF317C00ECAB96 /* Build configuration list for PBXNativeTarget "Challenge6CompaniesEnvironmentObject" */;
			buildPhases = (
				4170E76C26BF317800ECAB96 /* Sources */,
				4170E76D26BF317800ECAB96 /* Frameworks */,
				4170E76E26BF317800ECAB96 /* Resources */,
			);
			buildRules = (
			);
			dependencies = (
			);
			name = Challenge6CompaniesEnvironmentObject;
			productName = Challenge6CompaniesEnvironmentObject;
			productReference = 4170E77026BF317800ECAB96 /* Challenge6CompaniesEnvironmentObject.app */;
			productType = "com.apple.product-type.application";
		};
/* End PBXNativeTarget section */

/* Begin PBXProject section */
		4170E76826BF317800ECAB96 /* Project object */ = {
			isa = PBXProject;
			attributes = {
				LastSwiftUpdateCheck = 1250;
				LastUpgradeCheck = 1250;
				TargetAttributes = {
					4170E76F26BF317800ECAB96 = {
						CreatedOnToolsVersion = 12.5.1;
					};
				};
			};
			buildConfigurationList = 4170E76B26BF317800ECAB96 /* Build configuration list for PBXProject "Challenge6CompaniesEnvironmentObject" */;
			compatibilityVersion = "Xcode 9.3";
			developmentRegion = en;
			hasScannedForEncodings = 0;
			knownRegions = (
				en,
				Base,
			);
			mainGroup = 4170E76726BF317800ECAB96;
			productRefGroup = 4170E77126BF317800ECAB96 /* Products */;
			projectDirPath = "";
			projectRoot = "";
			targets = (
				4170E76F26BF317800ECAB96 /* Challenge6CompaniesEnvironmentObject */,
			);
		};
/* End PBXProject section */

/* Begin PBXResourcesBuildPhase section */
		4170E76E26BF317800ECAB96 /* Resources */ = {
			isa = PBXResourcesBuildPhase;
			buildActionMask = 2147483647;
			files = (
				4170E77B26BF317C00ECAB96 /* Preview Assets.xcassets in Resources */,
				4170E77826BF317C00ECAB96 /* Assets.xcassets in Resources */,
			);
			runOnlyForDeploymentPostprocessing = 0;
		};
/* End PBXResourcesBuildPhase section */

/* Begin PBXSourcesBuildPhase section */
		4170E76C26BF317800ECAB96 /* Sources */ = {
			isa = PBXSourcesBuildPhase;
			buildActionMask = 2147483647;
			files = (
				4170E77626BF317800ECAB96 /* ContentView.swift in Sources */,
				4170E77426BF317800ECAB96 /* Challenge6CompaniesEnvironmentObjectApp.swift in Sources */,
			);
			runOnlyForDeploymentPostprocessing = 0;
		};
/* End PBXSourcesBuildPhase section */

/* Begin XCBuildConfiguration section */
		4170E77D26BF317C00ECAB96 /* Debug */ = {
			isa = XCBuildConfiguration;
			buildSettings = {
				ALWAYS_SEARCH_USER_PATHS = NO;
				CLANG_ANALYZER_NONNULL = YES;
				CLANG_ANALYZER_NUMBER_OBJECT_CONVERSION = YES_AGGRESSIVE;
				CLANG_CXX_LANGUAGE_STANDARD = "gnu++14";
				CLANG_CXX_LIBRARY = "libc++";
				CLANG_ENABLE_MODULES = YES;
				CLANG_ENABLE_OBJC_ARC = YES;
				CLANG_ENABLE_OBJC_WEAK = YES;
				CLANG_WARN_BLOCK_CAPTURE_AUTORELEASING = YES;
				CLANG_WARN_BOOL_CONVERSION = YES;
				CLANG_WARN_COMMA = YES;
				CLANG_WARN_CONSTANT_CONVERSION = YES;
				CLANG_WARN_DEPRECATED_OBJC_IMPLEMENTATIONS = YES;
				CLANG_WARN_DIRECT_OBJC_ISA_USAGE = YES_ERROR;
				CLANG_WARN_DOCUMENTATION_COMMENTS = YES;
				CLANG_WARN_EMPTY_BODY = YES;
				CLANG_WARN_ENUM_CONVERSION = YES;
				CLANG_WARN_INFINITE_RECURSION = YES;
				CLANG_WARN_INT_CONVERSION = YES;
				CLANG_WARN_NON_LITERAL_NULL_CONVERSION = YES;
				CLANG_WARN_OBJC_IMPLICIT_RETAIN_SELF = YES;
				CLANG_WARN_OBJC_LITERAL_CONVERSION = YES;
				CLANG_WARN_OBJC_ROOT_CLASS = YES_ERROR;
				CLANG_WARN_QUOTED_INCLUDE_IN_FRAMEWORK_HEADER = YES;
				CLANG_WARN_RANGE_LOOP_ANALYSIS = YES;
				CLANG_WARN_STRICT_PROTOTYPES = YES;
				CLANG_WARN_SUSPICIOUS_MOVE = YES;
				CLANG_WARN_UNGUARDED_AVAILABILITY = YES_AGGRESSIVE;
				CLANG_WARN_UNREACHABLE_CODE = YES;
				CLANG_WARN__DUPLICATE_METHOD_MATCH = YES;
				COPY_PHASE_STRIP = NO;
				DEBUG_INFORMATION_FORMAT = dwarf;
				ENABLE_STRICT_OBJC_MSGSEND = YES;
				ENABLE_TESTABILITY = YES;
				GCC_C_LANGUAGE_STANDARD = gnu11;
				GCC_DYNAMIC_NO_PIC = NO;
				GCC_NO_COMMON_BLOCKS = YES;
				GCC_OPTIMIZATION_LEVEL = 0;
				GCC_PREPROCESSOR_DEFINITIONS = (
					"DEBUG=1",
					"$(inherited)",
				);
				GCC_WARN_64_TO_32_BIT_CONVERSION = YES;
				GCC_WARN_ABOUT_RETURN_TYPE = YES_ERROR;
				GCC_WARN_UNDECLARED_SELECTOR = YES;
				GCC_WARN_UNINITIALIZED_AUTOS = YES_AGGRESSIVE;
				GCC_WARN_UNUSED_FUNCTION = YES;
				GCC_WARN_UNUSED_VARIABLE = YES;
				IPHONEOS_DEPLOYMENT_TARGET = 14.5;
				MTL_ENABLE_DEBUG_INFO = INCLUDE_SOURCE;
				MTL_FAST_MATH = YES;
				ONLY_ACTIVE_ARCH = YES;
				SDKROOT = iphoneos;
				SWIFT_ACTIVE_COMPILATION_CONDITIONS = DEBUG;
				SWIFT_OPTIMIZATION_LEVEL = "-Onone";
			};
			name = Debug;
		};
		4170E77E26BF317C00ECAB96 /* Release */ = {
			isa = XCBuildConfiguration;
			buildSettings = {
				ALWAYS_SEARCH_USER_PATHS = NO;
				CLANG_ANALYZER_NONNULL = YES;
				CLANG_ANALYZER_NUMBER_OBJECT_CONVERSION = YES_AGGRESSIVE;
				CLANG_CXX_LANGUAGE_STANDARD = "gnu++14";
				CLANG_CXX_LIBRARY = "libc++";
				CLANG_ENABLE_MODULES = YES;
				CLANG_ENABLE_OBJC_ARC = YES;
				CLANG_ENABLE_OBJC_WEAK = YES;
				CLANG_WARN_BLOCK_CAPTURE_AUTORELEASING = YES;
				CLANG_WARN_BOOL_CONVERSION = YES;
				CLANG_WARN_COMMA = YES;
				CLANG_WARN_CONSTANT_CONVERSION = YES;
				CLANG_WARN_DEPRECATED_OBJC_IMPLEMENTATIONS = YES;
				CLANG_WARN_DIRECT_OBJC_ISA_USAGE = YES_ERROR;
				CLANG_WARN_DOCUMENTATION_COMMENTS = YES;
				CLANG_WARN_EMPTY_BODY = YES;
				CLANG_WARN_ENUM_CONVERSION = YES;
				CLANG_WARN_INFINITE_RECURSION = YES;
				CLANG_WARN_INT_CONVERSION = YES;
				CLANG_WARN_NON_LITERAL_NULL_CONVERSION = YES;
				CLANG_WARN_OBJC_IMPLICIT_RETAIN_SELF = YES;
				CLANG_WARN_OBJC_LITERAL_CONVERSION = YES;
				CLANG_WARN_OBJC_ROOT_CLASS = YES_ERROR;
				CLANG_WARN_QUOTED_INCLUDE_IN_FRAMEWORK_HEADER = YES;
				CLANG_WARN_RANGE_LOOP_ANALYSIS = YES;
				CLANG_WARN_STRICT_PROTOTYPES = YES;
				CLANG_WARN_SUSPICIOUS_MOVE = YES;
				CLANG_WARN_UNGUARDED_AVAILABILITY = YES_AGGRESSIVE;
				CLANG_WARN_UNREACHABLE_CODE = YES;
				CLANG_WARN__DUPLICATE_METHOD_MATCH = YES;
				COPY_PHASE_STRIP = NO;
				DEBUG_INFORMATION_FORMAT = "dwarf-with-dsym";
				ENABLE_NS_ASSERTIONS = NO;
				ENABLE_STRICT_OBJC_MSGSEND = YES;
				GCC_C_LANGUAGE_STANDARD = gnu11;
				GCC_NO_COMMON_BLOCKS = YES;
				GCC_WARN_64_TO_32_BIT_CONVERSION = YES;
				GCC_WARN_ABOUT_RETURN_TYPE = YES_ERROR;
				GCC_WARN_UNDECLARED_SELECTOR = YES;
				GCC_WARN_UNINITIALIZED_AUTOS = YES_AGGRESSIVE;
				GCC_WARN_UNUSED_FUNCTION = YES;
				GCC_WARN_UNUSED_VARIABLE = YES;
				IPHONEOS_DEPLOYMENT_TARGET = 14.5;
				MTL_ENABLE_DEBUG_INFO = NO;
				MTL_FAST_MATH = YES;
				SDKROOT = iphoneos;
				SWIFT_COMPILATION_MODE = wholemodule;
				SWIFT_OPTIMIZATION_LEVEL = "-O";
				VALIDATE_PRODUCT = YES;
			};
			name = Release;
		};
		4170E78026BF317C00ECAB96 /* Debug */ = {
			isa = XCBuildConfiguration;
			buildSettings = {
				ASSETCATALOG_COMPILER_APPICON_NAME = AppIcon;
				ASSETCATALOG_COMPILER_GLOBAL_ACCENT_COLOR_NAME = AccentColor;
				CODE_SIGN_STYLE = Automatic;
				DEVELOPMENT_ASSET_PATHS = "\"Challenge6CompaniesEnvironmentObject/Preview Content\"";
				DEVELOPMENT_TEAM = 6DR6N9843T;
				ENABLE_PREVIEWS = YES;
				INFOPLIST_FILE = Challenge6CompaniesEnvironmentObject/Info.plist;
				IPHONEOS_DEPLOYMENT_TARGET = 14.0;
				LD_RUNPATH_SEARCH_PATHS = (
					"$(inherited)",
					"@executable_path/Frameworks",
				);
				PRODUCT_BUNDLE_IDENTIFIER = somethinggoodllc.Challenge6CompaniesEnvironmentObject;
				PRODUCT_NAME = "$(TARGET_NAME)";
				SWIFT_VERSION = 5.0;
				TARGETED_DEVICE_FAMILY = "1,2";
			};
			name = Debug;
		};
		4170E78126BF317C00ECAB96 /* Release */ = {
			isa = XCBuildConfiguration;
			buildSettings = {
				ASSETCATALOG_COMPILER_APPICON_NAME = AppIcon;
				ASSETCATALOG_COMPILER_GLOBAL_ACCENT_COLOR_NAME = AccentColor;
				CODE_SIGN_STYLE = Automatic;
				DEVELOPMENT_ASSET_PATHS = "\"Challenge6CompaniesEnvironmentObject/Preview Content\"";
				DEVELOPMENT_TEAM = 6DR6N9843T;
				ENABLE_PREVIEWS = YES;
				INFOPLIST_FILE = Challenge6CompaniesEnvironmentObject/Info.plist;
				IPHONEOS_DEPLOYMENT_TARGET = 14.0;
				LD_RUNPATH_SEARCH_PATHS = (
					"$(inherited)",
					"@executable_path/Frameworks",
				);
				PRODUCT_BUNDLE_IDENTIFIER = somethinggoodllc.Challenge6CompaniesEnvironmentObject;
				PRODUCT_NAME = "$(TARGET_NAME)";
				SWIFT_VERSION = 5.0;
				TARGETED_DEVICE_FAMILY = "1,2";
			};
			name = Release;
		};
/* End XCBuildConfiguration section */

/* Begin XCConfigurationList section */
		4170E76B26BF317800ECAB96 /* Build configuration list for PBXProject "Challenge6CompaniesEnvironmentObject" */ = {
			isa = XCConfigurationList;
			buildConfigurations = (
				4170E77D26BF317C00ECAB96 /* Debug */,
				4170E77E26BF317C00ECAB96 /* Release */,
			);
			defaultConfigurationIsVisible = 0;
			defaultConfigurationName = Release;
		};
		4170E77F26BF317C00ECAB96 /* Build configuration list for PBXNativeTarget "Challenge6CompaniesEnvironmentObject" */ = {
			isa = XCConfigurationList;
			buildConfigurations = (
				4170E78026BF317C00ECAB96 /* Debug */,
				4170E78126BF317C00ECAB96 /* Release */,
			);
			defaultConfigurationIsVisible = 0;
			defaultConfigurationName = Release;
		};
/* End XCConfigurationList section */
	};
	rootObject = 4170E76826BF317800ECAB96 /* Project object */;
}
